
Microsoft Visual Studio Solution File, Format Version 12.00
# Visual Studio Version 16
VisualStudioVersion = 16.0.31410.357
MinimumVisualStudioVersion = 10.0.40219.1
Project("{F2A71F9B-5D33-465A-A702-920D77279786}") = "Client", "Client\Client.fsproj", "{C1DBFCF6-4954-4421-925B-12F7F90163FB}"
EndProject
Project("{F2A71F9B-5D33-465A-A702-920D77279786}") = "Server", "Server\Server.fsproj", "{9B6CD59A-213A-4CE2-BABD-6093C42C14BD}"
EndProject
Project("{F2A71F9B-5D33-465A-A702-920D77279786}") = "ChatMessages", "ChatMessages\ChatMessages.fsproj", "{CD61A52F-9182-43F7-B912-373AA691AD0D}"
EndProject
Global
	GlobalSection(SolutionConfigurationPlatforms) = preSolution
		Debug|Any CPU = Debug|Any CPU
		Release|Any CPU = Release|Any CPU
	EndGlobalSection
	GlobalSection(ProjectConfigurationPlatforms) = postSolution
		{C1DBFCF6-4954-4421-925B-12F7F90163FB}.Debug|Any CPU.ActiveCfg = Debug|Any CPU
		{C1DBFCF6-4954-4421-925B-12F7F90163FB}.Debug|Any CPU.Build.0 = Debug|Any CPU
		{C1DBFCF6-4954-4421-925B-12F7F90163FB}.Release|Any CPU.ActiveCfg = Release|Any CPU
		{C1DBFCF6-4954-4421-925B-12F7F90163FB}.Release|Any CPU.Build.0 = Release|Any CPU
		{9B6CD59A-213A-4CE2-BABD-6093C42C14BD}.Debug|Any CPU.ActiveCfg = Debug|Any CPU
		{9B6CD59A-213A-4CE2-BABD-6093C42C14BD}.Debug|Any CPU.Build.0 = Debug|Any CPU
		{9B6CD59A-213A-4CE2-BABD-6093C42C14BD}.Release|Any CPU.ActiveCfg = Release|Any CPU
		{9B6CD59A-213A-4CE2-BABD-6093C42C14BD}.Release|Any CPU.Build.0 = Release|Any CPU
		{CD61A52F-9182-43F7-B912-373AA691AD0D}.Debug|Any CPU.ActiveCfg = Debug|Any CPU
		{CD61A52F-9182-43F7-B912-373AA691AD0D}.Debug|Any CPU.Build.0 = Debug|Any CPU
		{CD61A52F-9182-43F7-B912-373AA691AD0D}.Release|Any CPU.ActiveCfg = Release|Any CPU
		{CD61A52F-9182-43F7-B912-373AA691AD0D}.Release|Any CPU.Build.0 = Release|Any CPU
	EndGlobalSection
	GlobalSection(SolutionProperties) = preSolution
		HideSolutionNode = FALSE
	EndGlobalSection
	GlobalSection(ExtensibilityGlobals) = postSolution
		SolutionGuid = {4380B14F-68BB-426F-8653-5B4E5C6A44F6}
	EndGlobalSection
EndGlobal
